# THIS IS AN AUTOGENERATED FILE. DO NOT EDIT THIS FILE DIRECTLY.
# yarn lockfile v1


"@angular/flex-layout@^11.0.0-beta.33":
  version "11.0.0-beta.33"
  resolved "https://registry.yarnpkg.com/@angular/flex-layout/-/flex-layout-11.0.0-beta.33.tgz#c2d08f90164701b66a62b8c4365b4e22c1e95789"
  integrity sha512-unfhw3abZuKtdwQicRStHCYGbANPTHYg4WNRQk/RC5Mxq+4WOp4Q8HI7GqRHCGUYDCGUP7w1sU/oDt8f09nM8w==
  dependencies:
    tslib "^2.0.0"

tslib@^2.0.0:
  version "2.1.0"
  resolved "https://registry.yarnpkg.com/tslib/-/tslib-2.1.0.tgz#da60860f1c2ecaa5703ab7d39bc05b6bf988b97a"
  integrity sha512-hcVC3wYEziELGGmEEXue7D75zbwIIVUMWAVbHItGPx0ziyXxrOMQx4rQEVEV45Ut/1IotuEvwqPopzIOkDMf0A==
